<Solution>
  <Folder Name="/src/">
    <Project Path="src/RevitMcp.Core/RevitMcp.Core.csproj" />
    <Project Path="src/RevitMcp.RevitAdapter/RevitMcp.RevitAdapter.csproj" />
  </Folder>
  <Folder Name="/tests/">
    <Project Path="tests/RevitMcp.Tests/RevitMcp.Tests.csproj" />
  </Folder>
</Solution>
